
Microsoft Visual Studio Solution File, Format Version 12.00
# Visual Studio Version 17
VisualStudioVersion = 17.7.34202.233
MinimumVisualStudioVersion = 10.0.40219.1
Project("{9A19103F-16F7-4668-BE54-9A1E7A4F7556}") = "Todean_Daiana_Lab2", "Todean_Daiana_Lab2.csproj", "{FF3BFD1F-8C8E-4159-A3C0-133F5618705B}"
EndProject
Project("{FAE04EC0-301F-11D3-BF4B-00C04F79EFBC}") = "LibraryModel", "LibraryModel\LibraryModel.csproj", "{62400F0C-AD2A-48ED-A7A5-0758C4EF5862}"
EndProject
Project("{FAE04EC0-301F-11D3-BF4B-00C04F79EFBC}") = "LibraryWebAPI", "LibraryWebAPI\LibraryWebAPI.csproj", "{E52596A2-0EF0-4391-A9E0-DEB4B8323C24}"
EndProject
Global
	GlobalSection(SolutionConfigurationPlatforms) = preSolution
		Debug|Any CPU = Debug|Any CPU
		Release|Any CPU = Release|Any CPU
	EndGlobalSection
	GlobalSection(ProjectConfigurationPlatforms) = postSolution
		{FF3BFD1F-8C8E-4159-A3C0-133F5618705B}.Debug|Any CPU.ActiveCfg = Debug|Any CPU
		{FF3BFD1F-8C8E-4159-A3C0-133F5618705B}.Debug|Any CPU.Build.0 = Debug|Any CPU
		{FF3BFD1F-8C8E-4159-A3C0-133F5618705B}.Release|Any CPU.ActiveCfg = Release|Any CPU
		{FF3BFD1F-8C8E-4159-A3C0-133F5618705B}.Release|Any CPU.Build.0 = Release|Any CPU
		{62400F0C-AD2A-48ED-A7A5-0758C4EF5862}.Debug|Any CPU.ActiveCfg = Debug|Any CPU
		{62400F0C-AD2A-48ED-A7A5-0758C4EF5862}.Debug|Any CPU.Build.0 = Debug|Any CPU
		{62400F0C-AD2A-48ED-A7A5-0758C4EF5862}.Release|Any CPU.ActiveCfg = Release|Any CPU
		{62400F0C-AD2A-48ED-A7A5-0758C4EF5862}.Release|Any CPU.Build.0 = Release|Any CPU
		{E52596A2-0EF0-4391-A9E0-DEB4B8323C24}.Debug|Any CPU.ActiveCfg = Debug|Any CPU
		{E52596A2-0EF0-4391-A9E0-DEB4B8323C24}.Debug|Any CPU.Build.0 = Debug|Any CPU
		{E52596A2-0EF0-4391-A9E0-DEB4B8323C24}.Release|Any CPU.ActiveCfg = Release|Any CPU
		{E52596A2-0EF0-4391-A9E0-DEB4B8323C24}.Release|Any CPU.Build.0 = Release|Any CPU
	EndGlobalSection
	GlobalSection(SolutionProperties) = preSolution
		HideSolutionNode = FALSE
	EndGlobalSection
	GlobalSection(ExtensibilityGlobals) = postSolution
		SolutionGuid = {7C0E875E-3AC1-46C0-9C84-A3F652F4F7A6}
	EndGlobalSection
EndGlobal
